
Microsoft Visual Studio Solution File, Format Version 12.00
# Visual Studio 15
VisualStudioVersion = 15.0.34112.143
MinimumVisualStudioVersion = 10.0.40219.1
Project("{8BC9CEB8-8B4A-11D0-8D11-00A0C91BC942}") = "P13", "P13\P13.vcxproj", "{DAF0D902-ACCA-44B8-BA6A-367C60789AB8}"
EndProject
Global
	GlobalSection(SolutionConfigurationPlatforms) = preSolution
		Debug|x64 = Debug|x64
		Debug|x86 = Debug|x86
		Release|x64 = Release|x64
		Release|x86 = Release|x86
	EndGlobalSection
	GlobalSection(ProjectConfigurationPlatforms) = postSolution
		{DAF0D902-ACCA-44B8-BA6A-367C60789AB8}.Debug|x64.ActiveCfg = Debug|x64
		{DAF0D902-ACCA-44B8-BA6A-367C60789AB8}.Debug|x64.Build.0 = Debug|x64
		{DAF0D902-ACCA-44B8-BA6A-367C60789AB8}.Debug|x86.ActiveCfg = Debug|Win32
		{DAF0D902-ACCA-44B8-BA6A-367C60789AB8}.Debug|x86.Build.0 = Debug|Win32
		{DAF0D902-ACCA-44B8-BA6A-367C60789AB8}.Release|x64.ActiveCfg = Release|x64
		{DAF0D902-ACCA-44B8-BA6A-367C60789AB8}.Release|x64.Build.0 = Release|x64
		{DAF0D902-ACCA-44B8-BA6A-367C60789AB8}.Release|x86.ActiveCfg = Release|Win32
		{DAF0D902-ACCA-44B8-BA6A-367C60789AB8}.Release|x86.Build.0 = Release|Win32
	EndGlobalSection
	GlobalSection(SolutionProperties) = preSolution
		HideSolutionNode = FALSE
	EndGlobalSection
	GlobalSection(ExtensibilityGlobals) = postSolution
		SolutionGuid = {5F54FFE0-F38D-4FA4-AFA7-EA1733B76804}
	EndGlobalSection
EndGlobal
