
Microsoft Visual Studio Solution File, Format Version 12.00
# Visual Studio 15
VisualStudioVersion = 15.0.34112.143
MinimumVisualStudioVersion = 10.0.40219.1
Project("{8BC9CEB8-8B4A-11D0-8D11-00A0C91BC942}") = "6.33", "6.33\6.33.vcxproj", "{746E5A27-D3D4-4519-944F-BF20EF9A2D5E}"
EndProject
Global
	GlobalSection(SolutionConfigurationPlatforms) = preSolution
		Debug|x64 = Debug|x64
		Debug|x86 = Debug|x86
		Release|x64 = Release|x64
		Release|x86 = Release|x86
	EndGlobalSection
	GlobalSection(ProjectConfigurationPlatforms) = postSolution
		{746E5A27-D3D4-4519-944F-BF20EF9A2D5E}.Debug|x64.ActiveCfg = Debug|x64
		{746E5A27-D3D4-4519-944F-BF20EF9A2D5E}.Debug|x64.Build.0 = Debug|x64
		{746E5A27-D3D4-4519-944F-BF20EF9A2D5E}.Debug|x86.ActiveCfg = Debug|Win32
		{746E5A27-D3D4-4519-944F-BF20EF9A2D5E}.Debug|x86.Build.0 = Debug|Win32
		{746E5A27-D3D4-4519-944F-BF20EF9A2D5E}.Release|x64.ActiveCfg = Release|x64
		{746E5A27-D3D4-4519-944F-BF20EF9A2D5E}.Release|x64.Build.0 = Release|x64
		{746E5A27-D3D4-4519-944F-BF20EF9A2D5E}.Release|x86.ActiveCfg = Release|Win32
		{746E5A27-D3D4-4519-944F-BF20EF9A2D5E}.Release|x86.Build.0 = Release|Win32
	EndGlobalSection
	GlobalSection(SolutionProperties) = preSolution
		HideSolutionNode = FALSE
	EndGlobalSection
	GlobalSection(ExtensibilityGlobals) = postSolution
		SolutionGuid = {C1A88854-B142-43CA-A11D-5BCD4A378467}
	EndGlobalSection
EndGlobal
